Microsoft Visual Studio Solution File, Format Version 12.00
# Visual Studio Version 16
VisualStudioVersion = 16.0.34031.81
MinimumVisualStudioVersion = 10.0.40219.1
Project("{9A19103F-16F7-4668-BE54-9A1E7A4F7556}") = "Tool", "tool\Tool.csproj", "{C134EED4-A318-432B-BF97-8A4A354AAC65}"
EndProject
Global
	GlobalSection(SolutionConfigurationPlatforms) = preSolution
		Debug|Any CPU = Debug|Any CPU
		Release|Any CPU = Release|Any CPU
	EndGlobalSection
	GlobalSection(ProjectConfigurationPlatforms) = postSolution
		{C134EED4-A318-432B-BF97-8A4A354AAC65}.Debug|Any CPU.ActiveCfg = Debug|Any CPU
		{C134EED4-A318-432B-BF97-8A4A354AAC65}.Debug|Any CPU.Build.0 = Debug|Any CPU
		{C134EED4-A318-432B-BF97-8A4A354AAC65}.Release|Any CPU.ActiveCfg = Release|Any CPU
		{C134EED4-A318-432B-BF97-8A4A354AAC65}.Release|Any CPU.Build.0 = Release|Any CPU
	EndGlobalSection
	GlobalSection(SolutionProperties) = preSolution
		HideSolutionNode = FALSE
	EndGlobalSection
	GlobalSection(ExtensibilityGlobals) = postSolution
		SolutionGuid = {08B8179B-9005-41F0-A23B-6952F83C7B16}
	EndGlobalSection
EndGlobal
